<Solution>
  <Project Path="Assignment.Api/Assignment.Api.csproj" />
  <Project Path="Assignment.Application/Assignment.Application.csproj" />
  <Project Path="Assignment.Domain/Assignment.Domain.csproj" />
  <Project Path="Assignment.Infrastructure/Assignment.Infrastructure.csproj" />
  <Project Path="Assignment.Test/Assignment.Test.csproj" />
</Solution>
